Microsoft Visual Studio Solution File, Format Version 12.00
# Visual Studio Version 17
VisualStudioVersion = 17.5.2.0
MinimumVisualStudioVersion = 10.0.40219.1
Project("{2150E333-8FDC-42A3-9474-1A3956D46DE8}") = "tools", "tools", "{07C2787E-EAC7-C090-1BA3-A61EC2A24D84}"
EndProject
Project("{2150E333-8FDC-42A3-9474-1A3956D46DE8}") = "src", "src", "{827E0CD3-B72D-47B6-A68D-7590B98EB39B}"
EndProject
Project("{FAE04EC0-301F-11D3-BF4B-00C04F79EFBC}") = "ReportAdmin.App", "tools\ReportAdmin.App\ReportAdmin.App.csproj", "{CD5D735F-E170-FCF0-E27C-98B62EAA470E}"
EndProject
Project("{FAE04EC0-301F-11D3-BF4B-00C04F79EFBC}") = "ReportAdmin.Core", "tools\ReportAdmin.Core\ReportAdmin.Core.csproj", "{BA57EDF1-1E6F-3EA2-E2B7-8F8D2B7949E6}"
EndProject
Project("{2150E333-8FDC-42A3-9474-1A3956D46DE8}") = "Contracts", "Contracts", "{FFBE31B8-50B9-B415-22BC-2F92C97CADA3}"
EndProject
Project("{FAE04EC0-301F-11D3-BF4B-00C04F79EFBC}") = "ReportManager.DefinitionModel", "src\Contracts\ReportManager.DefinitionModel\ReportManager.DefinitionModel.csproj", "{9B0B755F-6BD2-4B38-8179-C84F1BB72E89}"
EndProject
Project("{FAE04EC0-301F-11D3-BF4B-00C04F79EFBC}") = "ReportManager.Proxy", "src\Contracts\ReportManager.Proxy\ReportManager.Proxy.csproj", "{5F167A41-FBFA-C317-882C-34D20FB14760}"
EndProject
Project("{FAE04EC0-301F-11D3-BF4B-00C04F79EFBC}") = "ReportManager.Shared", "src\Contracts\ReportManager.Shared\ReportManager.Shared.csproj", "{AD991557-5452-5338-DE79-BF1163DC99BA}"
EndProject
Project("{2150E333-8FDC-42A3-9474-1A3956D46DE8}") = "Server", "Server", "{E6B48023-E680-40DA-9E17-319585C26937}"
EndProject
Project("{FAE04EC0-301F-11D3-BF4B-00C04F79EFBC}") = "ReportManager.Host", "src\Server\ReportManager.Host\ReportManager.Host.csproj", "{21541718-2324-118C-A3FD-1C829BA9D9A4}"
EndProject
Project("{FAE04EC0-301F-11D3-BF4B-00C04F79EFBC}") = "ReportManager.Server", "src\Server\ReportManager.Server\ReportManager.Server.csproj", "{3787F9E7-74A2-F832-FFDB-B0DB23C272E6}"
EndProject
Project("{2150E333-8FDC-42A3-9474-1A3956D46DE8}") = "Lib", "Lib", "{60F8C46A-F32D-BE63-A7A0-43DD10EE6710}"
EndProject
Project("{FAE04EC0-301F-11D3-BF4B-00C04F79EFBC}") = "ReportManager.Lib.Wpf", "src\Lib\ReportManager.Lib.Wpf\ReportManager.Lib.Wpf.csproj", "{7E8814D2-47B3-7014-55C7-0552A5FC4C1A}"
EndProject
Project("{2150E333-8FDC-42A3-9474-1A3956D46DE8}") = "Client", "Client", "{C5A3B5EA-BE9F-76E5-E9B8-8A22B289B295}"
EndProject
Project("{FAE04EC0-301F-11D3-BF4B-00C04F79EFBC}") = "ReportManager.Client", "src\Client\ReportManager.Client\ReportManager.Client.csproj", "{ABECD04E-94CF-AB5C-49F8-C2F1F507CCAF}"
EndProject
Global
	GlobalSection(SolutionConfigurationPlatforms) = preSolution
		Debug|Any CPU = Debug|Any CPU
		Release|Any CPU = Release|Any CPU
	EndGlobalSection
	GlobalSection(ProjectConfigurationPlatforms) = postSolution
		{CD5D735F-E170-FCF0-E27C-98B62EAA470E}.Debug|Any CPU.ActiveCfg = Debug|Any CPU
		{CD5D735F-E170-FCF0-E27C-98B62EAA470E}.Debug|Any CPU.Build.0 = Debug|Any CPU
		{CD5D735F-E170-FCF0-E27C-98B62EAA470E}.Release|Any CPU.ActiveCfg = Release|Any CPU
		{CD5D735F-E170-FCF0-E27C-98B62EAA470E}.Release|Any CPU.Build.0 = Release|Any CPU
		{BA57EDF1-1E6F-3EA2-E2B7-8F8D2B7949E6}.Debug|Any CPU.ActiveCfg = Debug|Any CPU
		{BA57EDF1-1E6F-3EA2-E2B7-8F8D2B7949E6}.Debug|Any CPU.Build.0 = Debug|Any CPU
		{BA57EDF1-1E6F-3EA2-E2B7-8F8D2B7949E6}.Release|Any CPU.ActiveCfg = Release|Any CPU
		{BA57EDF1-1E6F-3EA2-E2B7-8F8D2B7949E6}.Release|Any CPU.Build.0 = Release|Any CPU
		{9B0B755F-6BD2-4B38-8179-C84F1BB72E89}.Debug|Any CPU.ActiveCfg = Debug|Any CPU
		{9B0B755F-6BD2-4B38-8179-C84F1BB72E89}.Debug|Any CPU.Build.0 = Debug|Any CPU
		{9B0B755F-6BD2-4B38-8179-C84F1BB72E89}.Release|Any CPU.ActiveCfg = Release|Any CPU
		{9B0B755F-6BD2-4B38-8179-C84F1BB72E89}.Release|Any CPU.Build.0 = Release|Any CPU
		{5F167A41-FBFA-C317-882C-34D20FB14760}.Debug|Any CPU.ActiveCfg = Debug|Any CPU
		{5F167A41-FBFA-C317-882C-34D20FB14760}.Debug|Any CPU.Build.0 = Debug|Any CPU
		{5F167A41-FBFA-C317-882C-34D20FB14760}.Release|Any CPU.ActiveCfg = Release|Any CPU
		{5F167A41-FBFA-C317-882C-34D20FB14760}.Release|Any CPU.Build.0 = Release|Any CPU
		{AD991557-5452-5338-DE79-BF1163DC99BA}.Debug|Any CPU.ActiveCfg = Debug|Any CPU
		{AD991557-5452-5338-DE79-BF1163DC99BA}.Debug|Any CPU.Build.0 = Debug|Any CPU
		{AD991557-5452-5338-DE79-BF1163DC99BA}.Release|Any CPU.ActiveCfg = Release|Any CPU
		{AD991557-5452-5338-DE79-BF1163DC99BA}.Release|Any CPU.Build.0 = Release|Any CPU
		{21541718-2324-118C-A3FD-1C829BA9D9A4}.Debug|Any CPU.ActiveCfg = Debug|Any CPU
		{21541718-2324-118C-A3FD-1C829BA9D9A4}.Debug|Any CPU.Build.0 = Debug|Any CPU
		{21541718-2324-118C-A3FD-1C829BA9D9A4}.Release|Any CPU.ActiveCfg = Release|Any CPU
		{21541718-2324-118C-A3FD-1C829BA9D9A4}.Release|Any CPU.Build.0 = Release|Any CPU
		{3787F9E7-74A2-F832-FFDB-B0DB23C272E6}.Debug|Any CPU.ActiveCfg = Debug|Any CPU
		{3787F9E7-74A2-F832-FFDB-B0DB23C272E6}.Debug|Any CPU.Build.0 = Debug|Any CPU
		{3787F9E7-74A2-F832-FFDB-B0DB23C272E6}.Release|Any CPU.ActiveCfg = Release|Any CPU
		{3787F9E7-74A2-F832-FFDB-B0DB23C272E6}.Release|Any CPU.Build.0 = Release|Any CPU
		{7E8814D2-47B3-7014-55C7-0552A5FC4C1A}.Debug|Any CPU.ActiveCfg = Debug|Any CPU
		{7E8814D2-47B3-7014-55C7-0552A5FC4C1A}.Debug|Any CPU.Build.0 = Debug|Any CPU
		{7E8814D2-47B3-7014-55C7-0552A5FC4C1A}.Release|Any CPU.ActiveCfg = Release|Any CPU
		{7E8814D2-47B3-7014-55C7-0552A5FC4C1A}.Release|Any CPU.Build.0 = Release|Any CPU
		{ABECD04E-94CF-AB5C-49F8-C2F1F507CCAF}.Debug|Any CPU.ActiveCfg = Debug|Any CPU
		{ABECD04E-94CF-AB5C-49F8-C2F1F507CCAF}.Debug|Any CPU.Build.0 = Debug|Any CPU
		{ABECD04E-94CF-AB5C-49F8-C2F1F507CCAF}.Release|Any CPU.ActiveCfg = Release|Any CPU
		{ABECD04E-94CF-AB5C-49F8-C2F1F507CCAF}.Release|Any CPU.Build.0 = Release|Any CPU
	EndGlobalSection
	GlobalSection(SolutionProperties) = preSolution
		HideSolutionNode = FALSE
	EndGlobalSection
	GlobalSection(NestedProjects) = preSolution
		{CD5D735F-E170-FCF0-E27C-98B62EAA470E} = {07C2787E-EAC7-C090-1BA3-A61EC2A24D84}
		{BA57EDF1-1E6F-3EA2-E2B7-8F8D2B7949E6} = {07C2787E-EAC7-C090-1BA3-A61EC2A24D84}
		{FFBE31B8-50B9-B415-22BC-2F92C97CADA3} = {827E0CD3-B72D-47B6-A68D-7590B98EB39B}
		{9B0B755F-6BD2-4B38-8179-C84F1BB72E89} = {FFBE31B8-50B9-B415-22BC-2F92C97CADA3}
		{5F167A41-FBFA-C317-882C-34D20FB14760} = {FFBE31B8-50B9-B415-22BC-2F92C97CADA3}
		{AD991557-5452-5338-DE79-BF1163DC99BA} = {FFBE31B8-50B9-B415-22BC-2F92C97CADA3}
		{E6B48023-E680-40DA-9E17-319585C26937} = {827E0CD3-B72D-47B6-A68D-7590B98EB39B}
		{21541718-2324-118C-A3FD-1C829BA9D9A4} = {E6B48023-E680-40DA-9E17-319585C26937}
		{3787F9E7-74A2-F832-FFDB-B0DB23C272E6} = {E6B48023-E680-40DA-9E17-319585C26937}
		{60F8C46A-F32D-BE63-A7A0-43DD10EE6710} = {827E0CD3-B72D-47B6-A68D-7590B98EB39B}
		{7E8814D2-47B3-7014-55C7-0552A5FC4C1A} = {60F8C46A-F32D-BE63-A7A0-43DD10EE6710}
		{C5A3B5EA-BE9F-76E5-E9B8-8A22B289B295} = {827E0CD3-B72D-47B6-A68D-7590B98EB39B}
		{ABECD04E-94CF-AB5C-49F8-C2F1F507CCAF} = {C5A3B5EA-BE9F-76E5-E9B8-8A22B289B295}
	EndGlobalSection
	GlobalSection(ExtensibilityGlobals) = postSolution
		SolutionGuid = {218E07B6-E4C6-43BD-A357-BB4715C07F15}
	EndGlobalSection
EndGlobal
